// !$*UTF8*$!
{
	archiveVersion = 1;
	classes = {
	};
	objectVersion = 56;
	objects = {

/* Begin PBXBuildFile section */
		1A0917002A4A171C00D80BF7 /* Documentation.docc in Sources */ = {isa = PBXBuildFile; fileRef = 1A0916FF2A4A171C00D80BF7 /* Documentation.docc */; };
		1A0DDC352A464DEA001ECADD /* MeetingNotesApp.swift in Sources */ = {isa = PBXBuildFile; fileRef = 1A0DDC342A464DEA001ECADD /* MeetingNotesApp.swift */; };
		1A0DDC372A464DEA001ECADD /* MeetingNotesDocument.swift in Sources */ = {isa = PBXBuildFile; fileRef = 1A0DDC362A464DEA001ECADD /* MeetingNotesDocument.swift */; };
		1A0DDC3B2A464DEB001ECADD /* Assets.xcassets in Resources */ = {isa = PBXBuildFile; fileRef = 1A0DDC3A2A464DEB001ECADD /* Assets.xcassets */; };
		1A0DDC402A464DEB001ECADD /* Preview Assets.xcassets in Resources */ = {isa = PBXBuildFile; fileRef = 1A0DDC3F2A464DEB001ECADD /* Preview Assets.xcassets */; };
		1A0DDC4A2A464DEB001ECADD /* MeetingNotesTests.swift in Sources */ = {isa = PBXBuildFile; fileRef = 1A0DDC492A464DEB001ECADD /* MeetingNotesTests.swift */; };
		1A0DDC542A464DEB001ECADD /* MeetingNotesUITests.swift in Sources */ = {isa = PBXBuildFile; fileRef = 1A0DDC532A464DEB001ECADD /* MeetingNotesUITests.swift */; };
		1A0DDC562A464DEB001ECADD /* MeetingNotesUITestsLaunchTests.swift in Sources */ = {isa = PBXBuildFile; fileRef = 1A0DDC552A464DEB001ECADD /* MeetingNotesUITestsLaunchTests.swift */; };
		1A11B8922B7AC37100CB4CA9 /* URLSessionWebSocketTask+sendPing.swift in Sources */ = {isa = PBXBuildFile; fileRef = 1A11B8912B7AC37100CB4CA9 /* URLSessionWebSocketTask+sendPing.swift */; };
		1A2521442B1567F20096951D /* DocumentId.swift in Sources */ = {isa = PBXBuildFile; fileRef = 1A2521432B1567F20096951D /* DocumentId.swift */; };
		1A27AB432B768C0300A29BC3 /* Automerge-swift-privacy-manifest.bundle in Resources */ = {isa = PBXBuildFile; fileRef = 1A27AB422B768C0300A29BC3 /* Automerge-swift-privacy-manifest.bundle */; };
		1A2A02A52A50E74B0044064B /* EditableAgendaItemView.swift in Sources */ = {isa = PBXBuildFile; fileRef = 1A2A02A42A50E74A0044064B /* EditableAgendaItemView.swift */; };
		1A2AD0312A7437E200EF0C5F /* SyncConnectionView.swift in Sources */ = {isa = PBXBuildFile; fileRef = 1A2AD0302A7437E200EF0C5F /* SyncConnectionView.swift */; };
		1A30C4DB2B155ECF007CE4F0 /* Data+hexEncodedString.swift in Sources */ = {isa = PBXBuildFile; fileRef = 1A30C4DA2B155ECF007CE4F0 /* Data+hexEncodedString.swift */; };
		1A30C4DD2B155F07007CE4F0 /* UUID+bs58String.swift in Sources */ = {isa = PBXBuildFile; fileRef = 1A30C4DC2B155F07007CE4F0 /* UUID+bs58String.swift */; };
		1A4A610C2A6F05BE00E097F1 /* TimeInterval+milliseconds.swift in Sources */ = {isa = PBXBuildFile; fileRef = 1A4A610B2A6F05BE00E097F1 /* TimeInterval+milliseconds.swift */; };
		1A54E5E62A698EA100CE1BEF /* CustomDump in Frameworks */ = {isa = PBXBuildFile; productRef = 1A54E5E52A698EA100CE1BEF /* CustomDump */; };
		1A6647852AF986990041C134 /* Base58Swift in Frameworks */ = {isa = PBXBuildFile; productRef = 1A6647842AF986990041C134 /* Base58Swift */; };
		1A6647882AF987A00041C134 /* Base58Swift in Frameworks */ = {isa = PBXBuildFile; productRef = 1A6647872AF987A00041C134 /* Base58Swift */; };
		1A66478A2AF987A60041C134 /* Automerge in Frameworks */ = {isa = PBXBuildFile; productRef = 1A6647892AF987A60041C134 /* Automerge */; };
		1A6CB2652B71CABF00CA23E9 /* String+hexEncoding.swift in Sources */ = {isa = PBXBuildFile; fileRef = 1A6CB2642B71CABF00CA23E9 /* String+hexEncoding.swift */; };
		1A6FF21D2B64710700C99F81 /* WebSocketStatusView.swift in Sources */ = {isa = PBXBuildFile; fileRef = 1A6FF21C2B64710700C99F81 /* WebSocketStatusView.swift */; };
		1A7700C52A67343800869A4D /* PeerSyncView.swift in Sources */ = {isa = PBXBuildFile; fileRef = 1A7700C42A67343800869A4D /* PeerSyncView.swift */; };
		1A7700C72A67479F00869A4D /* NWBrowserResultItemView.swift in Sources */ = {isa = PBXBuildFile; fileRef = 1A7700C62A67479F00869A4D /* NWBrowserResultItemView.swift */; };
		1A8217AD2A6877730071DD38 /* DocumentSyncCoordinator.swift in Sources */ = {isa = PBXBuildFile; fileRef = 1A8217AC2A6877730071DD38 /* DocumentSyncCoordinator.swift */; };
		1A9272E32B61A529000CB9E5 /* WebsocketSyncConnection.swift in Sources */ = {isa = PBXBuildFile; fileRef = 1A9272E22B61A529000CB9E5 /* WebsocketSyncConnection.swift */; };
		1A9272E62B61AC2C000CB9E5 /* WebSocketMessages.swift in Sources */ = {isa = PBXBuildFile; fileRef = 1A9272E52B61AC2C000CB9E5 /* WebSocketMessages.swift */; };
		1AADE1F42B586801000205BB /* PotentCodables in Frameworks */ = {isa = PBXBuildFile; productRef = 1AADE1F32B586801000205BB /* PotentCodables */; };
		1AADE1F52B586875000205BB /* Data+hexEncodedString.swift in Sources */ = {isa = PBXBuildFile; fileRef = 1A30C4DA2B155ECF007CE4F0 /* Data+hexEncodedString.swift */; };
		1AADE1F62B586878000205BB /* UUID+bs58String.swift in Sources */ = {isa = PBXBuildFile; fileRef = 1A30C4DC2B155F07007CE4F0 /* UUID+bs58String.swift */; };
		1AADE1F72B58687E000205BB /* DocumentId.swift in Sources */ = {isa = PBXBuildFile; fileRef = 1A2521432B1567F20096951D /* DocumentId.swift */; };
		1ACF1CE12B6DCAFC00DC5198 /* Task+timeout.swift in Sources */ = {isa = PBXBuildFile; fileRef = 1ACF1CE02B6DCAFC00DC5198 /* Task+timeout.swift */; };
		1AD5DA332A464FBD0085DF79 /* Automerge in Frameworks */ = {isa = PBXBuildFile; productRef = 1AD5DA322A464FBD0085DF79 /* Automerge */; };
		1AD5DA352A4650520085DF79 /* MeetingNotesModel.swift in Sources */ = {isa = PBXBuildFile; fileRef = 1AD5DA342A4650520085DF79 /* MeetingNotesModel.swift */; };
		1AD71E8E2A57622B00B965BF /* MeetingNotesDocumentView.swift in Sources */ = {isa = PBXBuildFile; fileRef = 1AD71E8D2A57622B00B965BF /* MeetingNotesDocumentView.swift */; };
		1AD71E912A57630B00B965BF /* MergeView.swift in Sources */ = {isa = PBXBuildFile; fileRef = 1AD71E902A57630B00B965BF /* MergeView.swift */; };
		1AD71E932A5765A800B965BF /* SyncStatusView.swift in Sources */ = {isa = PBXBuildFile; fileRef = 1AD71E922A5765A800B965BF /* SyncStatusView.swift */; };
		1AD7A8E52A4767A1003B6A1E /* PotentCodables in Frameworks */ = {isa = PBXBuildFile; productRef = 1AD7A8E42A4767A1003B6A1E /* PotentCodables */; };
		1AD7A8EB2A476801003B6A1E /* NWParameters+peerSyncParameters.swift in Sources */ = {isa = PBXBuildFile; fileRef = 1AD7A8E62A476801003B6A1E /* NWParameters+peerSyncParameters.swift */; };
		1AD7A8ED2A476801003B6A1E /* P2PAutomergeSyncProtocol.swift in Sources */ = {isa = PBXBuildFile; fileRef = 1AD7A8E82A476801003B6A1E /* P2PAutomergeSyncProtocol.swift */; };
		1AD7A8EF2A476801003B6A1E /* SyncConnection.swift in Sources */ = {isa = PBXBuildFile; fileRef = 1AD7A8EA2A476801003B6A1E /* SyncConnection.swift */; };
		1ADE51672B7A90AA00EA44F0 /* WebSocketSyncIntegrationTests.swift in Sources */ = {isa = PBXBuildFile; fileRef = 1ADE51662B7A90AA00EA44F0 /* WebSocketSyncIntegrationTests.swift */; };
		1ADE51682B7A94B100EA44F0 /* String+hexEncoding.swift in Sources */ = {isa = PBXBuildFile; fileRef = 1A6CB2642B71CABF00CA23E9 /* String+hexEncoding.swift */; };
		1ADE51692B7A94BC00EA44F0 /* Task+timeout.swift in Sources */ = {isa = PBXBuildFile; fileRef = 1ACF1CE02B6DCAFC00DC5198 /* Task+timeout.swift */; };
		1ADE516A2B7A94BC00EA44F0 /* WebSocketMessages.swift in Sources */ = {isa = PBXBuildFile; fileRef = 1A9272E52B61AC2C000CB9E5 /* WebSocketMessages.swift */; };
		1ADE516B2B7A94BC00EA44F0 /* WebsocketSyncConnection.swift in Sources */ = {isa = PBXBuildFile; fileRef = 1A9272E22B61A529000CB9E5 /* WebsocketSyncConnection.swift */; };
		1ADE516C2B7A953500EA44F0 /* OSLog+extensions.swift in Sources */ = {isa = PBXBuildFile; fileRef = 1AE3D77A2A68646A00CEA52E /* OSLog+extensions.swift */; };
		1AE3D77B2A68646A00CEA52E /* OSLog+extensions.swift in Sources */ = {isa = PBXBuildFile; fileRef = 1AE3D77A2A68646A00CEA52E /* OSLog+extensions.swift */; };
		1AF9017F2B66E47A0077567D /* CBORExperiments.swift in Sources */ = {isa = PBXBuildFile; fileRef = 1AF9017E2B66E47A0077567D /* CBORExperiments.swift */; };
/* End PBXBuildFile section */

/* Begin PBXContainerItemProxy section */
		1A0DDC462A464DEB001ECADD /* PBXContainerItemProxy */ = {
			isa = PBXContainerItemProxy;
			containerPortal = 1A0DDC292A464DEA001ECADD /* Project object */;
			proxyType = 1;
			remoteGlobalIDString = 1A0DDC302A464DEA001ECADD;
			remoteInfo = MeetingNotes;
		};
		1A0DDC502A464DEB001ECADD /* PBXContainerItemProxy */ = {
			isa = PBXContainerItemProxy;
			containerPortal = 1A0DDC292A464DEA001ECADD /* Project object */;
			proxyType = 1;
			remoteGlobalIDString = 1A0DDC302A464DEA001ECADD;
			remoteInfo = MeetingNotes;
		};
/* End PBXContainerItemProxy section */

/* Begin PBXFileReference section */
		1A0916FF2A4A171C00D80BF7 /* Documentation.docc */ = {isa = PBXFileReference; lastKnownFileType = folder.documentationcatalog; path = Documentation.docc; sourceTree = "<group>"; };
		1A0DDC312A464DEA001ECADD /* MeetingNotes.app */ = {isa = PBXFileReference; explicitFileType = wrapper.application; includeInIndex = 0; path = MeetingNotes.app; sourceTree = BUILT_PRODUCTS_DIR; };
		1A0DDC342A464DEA001ECADD /* MeetingNotesApp.swift */ = {isa = PBXFileReference; lastKnownFileType = sourcecode.swift; path = MeetingNotesApp.swift; sourceTree = "<group>"; };
		1A0DDC362A464DEA001ECADD /* MeetingNotesDocument.swift */ = {isa = PBXFileReference; lastKnownFileType = sourcecode.swift; path = MeetingNotesDocument.swift; sourceTree = "<group>"; };
		1A0DDC3A2A464DEB001ECADD /* Assets.xcassets */ = {isa = PBXFileReference; lastKnownFileType = folder.assetcatalog; path = Assets.xcassets; sourceTree = "<group>"; };
		1A0DDC3C2A464DEB001ECADD /* Info.plist */ = {isa = PBXFileReference; lastKnownFileType = text.plist.xml; path = Info.plist; sourceTree = "<group>"; };
		1A0DDC3D2A464DEB001ECADD /* MeetingNotes.entitlements */ = {isa = PBXFileReference; lastKnownFileType = text.plist.entitlements; path = MeetingNotes.entitlements; sourceTree = "<group>"; };
		1A0DDC3F2A464DEB001ECADD /* Preview Assets.xcassets */ = {isa = PBXFileReference; lastKnownFileType = folder.assetcatalog; path = "Preview Assets.xcassets"; sourceTree = "<group>"; };
		1A0DDC452A464DEB001ECADD /* MeetingNotesTests.xctest */ = {isa = PBXFileReference; explicitFileType = wrapper.cfbundle; includeInIndex = 0; path = MeetingNotesTests.xctest; sourceTree = BUILT_PRODUCTS_DIR; };
		1A0DDC492A464DEB001ECADD /* MeetingNotesTests.swift */ = {isa = PBXFileReference; lastKnownFileType = sourcecode.swift; path = MeetingNotesTests.swift; sourceTree = "<group>"; };
		1A0DDC4F2A464DEB001ECADD /* MeetingNotesUITests.xctest */ = {isa = PBXFileReference; explicitFileType = wrapper.cfbundle; includeInIndex = 0; path = MeetingNotesUITests.xctest; sourceTree = BUILT_PRODUCTS_DIR; };
		1A0DDC532A464DEB001ECADD /* MeetingNotesUITests.swift */ = {isa = PBXFileReference; lastKnownFileType = sourcecode.swift; path = MeetingNotesUITests.swift; sourceTree = "<group>"; };
		1A0DDC552A464DEB001ECADD /* MeetingNotesUITestsLaunchTests.swift */ = {isa = PBXFileReference; lastKnownFileType = sourcecode.swift; path = MeetingNotesUITestsLaunchTests.swift; sourceTree = "<group>"; };
		1A0DDC622A464E2D001ECADD /* MeetingNotes.xctestplan */ = {isa = PBXFileReference; lastKnownFileType = text; path = MeetingNotes.xctestplan; sourceTree = "<group>"; };
		1A11B8912B7AC37100CB4CA9 /* URLSessionWebSocketTask+sendPing.swift */ = {isa = PBXFileReference; lastKnownFileType = sourcecode.swift; path = "URLSessionWebSocketTask+sendPing.swift"; sourceTree = "<group>"; };
		1A2521432B1567F20096951D /* DocumentId.swift */ = {isa = PBXFileReference; lastKnownFileType = sourcecode.swift; path = DocumentId.swift; sourceTree = "<group>"; };
		1A27AB422B768C0300A29BC3 /* Automerge-swift-privacy-manifest.bundle */ = {isa = PBXFileReference; lastKnownFileType = "wrapper.plug-in"; path = "Automerge-swift-privacy-manifest.bundle"; sourceTree = "<group>"; };
		1A2A02A42A50E74A0044064B /* EditableAgendaItemView.swift */ = {isa = PBXFileReference; lastKnownFileType = sourcecode.swift; path = EditableAgendaItemView.swift; sourceTree = "<group>"; };
		1A2AD0302A7437E200EF0C5F /* SyncConnectionView.swift */ = {isa = PBXFileReference; lastKnownFileType = sourcecode.swift; path = SyncConnectionView.swift; sourceTree = "<group>"; };
		1A30C4DA2B155ECF007CE4F0 /* Data+hexEncodedString.swift */ = {isa = PBXFileReference; lastKnownFileType = sourcecode.swift; path = "Data+hexEncodedString.swift"; sourceTree = "<group>"; };
		1A30C4DC2B155F07007CE4F0 /* UUID+bs58String.swift */ = {isa = PBXFileReference; lastKnownFileType = sourcecode.swift; path = "UUID+bs58String.swift"; sourceTree = "<group>"; };
		1A4A610B2A6F05BE00E097F1 /* TimeInterval+milliseconds.swift */ = {isa = PBXFileReference; lastKnownFileType = sourcecode.swift; path = "TimeInterval+milliseconds.swift"; sourceTree = "<group>"; };
		1A6CB2642B71CABF00CA23E9 /* String+hexEncoding.swift */ = {isa = PBXFileReference; lastKnownFileType = sourcecode.swift; path = "String+hexEncoding.swift"; sourceTree = "<group>"; };
		1A6FF21C2B64710700C99F81 /* WebSocketStatusView.swift */ = {isa = PBXFileReference; lastKnownFileType = sourcecode.swift; path = WebSocketStatusView.swift; sourceTree = "<group>"; };
		1A7700C42A67343800869A4D /* PeerSyncView.swift */ = {isa = PBXFileReference; lastKnownFileType = sourcecode.swift; path = PeerSyncView.swift; sourceTree = "<group>"; };
		1A7700C62A67479F00869A4D /* NWBrowserResultItemView.swift */ = {isa = PBXFileReference; lastKnownFileType = sourcecode.swift; path = NWBrowserResultItemView.swift; sourceTree = "<group>"; };
		1A8217AC2A6877730071DD38 /* DocumentSyncCoordinator.swift */ = {isa = PBXFileReference; lastKnownFileType = sourcecode.swift; path = DocumentSyncCoordinator.swift; sourceTree = "<group>"; };
		1A9272E22B61A529000CB9E5 /* WebsocketSyncConnection.swift */ = {isa = PBXFileReference; lastKnownFileType = sourcecode.swift; path = WebsocketSyncConnection.swift; sourceTree = "<group>"; };
		1A9272E52B61AC2C000CB9E5 /* WebSocketMessages.swift */ = {isa = PBXFileReference; lastKnownFileType = sourcecode.swift; path = WebSocketMessages.swift; sourceTree = "<group>"; };
		1AA529342B6D973C0084F855 /* notes */ = {isa = PBXFileReference; lastKnownFileType = folder; path = notes; sourceTree = "<group>"; };
		1ACF1CE02B6DCAFC00DC5198 /* Task+timeout.swift */ = {isa = PBXFileReference; lastKnownFileType = sourcecode.swift; path = "Task+timeout.swift"; sourceTree = "<group>"; };
		1AD5DA342A4650520085DF79 /* MeetingNotesModel.swift */ = {isa = PBXFileReference; fileEncoding = 4; lastKnownFileType = sourcecode.swift; path = MeetingNotesModel.swift; sourceTree = "<group>"; };
		1AD71E8D2A57622B00B965BF /* MeetingNotesDocumentView.swift */ = {isa = PBXFileReference; lastKnownFileType = sourcecode.swift; path = MeetingNotesDocumentView.swift; sourceTree = "<group>"; };
		1AD71E902A57630B00B965BF /* MergeView.swift */ = {isa = PBXFileReference; lastKnownFileType = sourcecode.swift; path = MergeView.swift; sourceTree = "<group>"; };
		1AD71E922A5765A800B965BF /* SyncStatusView.swift */ = {isa = PBXFileReference; lastKnownFileType = sourcecode.swift; path = SyncStatusView.swift; sourceTree = "<group>"; };
		1AD7A8E62A476801003B6A1E /* NWParameters+peerSyncParameters.swift */ = {isa = PBXFileReference; fileEncoding = 4; lastKnownFileType = sourcecode.swift; path = "NWParameters+peerSyncParameters.swift"; sourceTree = "<group>"; };
		1AD7A8E82A476801003B6A1E /* P2PAutomergeSyncProtocol.swift */ = {isa = PBXFileReference; fileEncoding = 4; lastKnownFileType = sourcecode.swift; path = P2PAutomergeSyncProtocol.swift; sourceTree = "<group>"; };
		1AD7A8EA2A476801003B6A1E /* SyncConnection.swift */ = {isa = PBXFileReference; fileEncoding = 4; lastKnownFileType = sourcecode.swift; path = SyncConnection.swift; sourceTree = "<group>"; };
		1ADE51662B7A90AA00EA44F0 /* WebSocketSyncIntegrationTests.swift */ = {isa = PBXFileReference; lastKnownFileType = sourcecode.swift; path = WebSocketSyncIntegrationTests.swift; sourceTree = "<group>"; };
		1AE3D77A2A68646A00CEA52E /* OSLog+extensions.swift */ = {isa = PBXFileReference; lastKnownFileType = sourcecode.swift; path = "OSLog+extensions.swift"; sourceTree = "<group>"; };
		1AF5DB3A2A4A0C38008DAC6F /* README.md */ = {isa = PBXFileReference; lastKnownFileType = net.daringfireball.markdown; path = README.md; sourceTree = "<group>"; };
		1AF5DB3B2A4A0C5E008DAC6F /* CONTRIBUTING.md */ = {isa = PBXFileReference; lastKnownFileType = net.daringfireball.markdown; path = CONTRIBUTING.md; sourceTree = "<group>"; };
		1AF9017E2B66E47A0077567D /* CBORExperiments.swift */ = {isa = PBXFileReference; lastKnownFileType = sourcecode.swift; path = CBORExperiments.swift; sourceTree = "<group>"; };
/* End PBXFileReference section */

/* Begin PBXFrameworksBuildPhase section */
		1A0DDC2E2A464DEA001ECADD /* Frameworks */ = {
			isa = PBXFrameworksBuildPhase;
			buildActionMask = 2147483647;
			files = (
				1A6647852AF986990041C134 /* Base58Swift in Frameworks */,
				1AD5DA332A464FBD0085DF79 /* Automerge in Frameworks */,
				1A54E5E62A698EA100CE1BEF /* CustomDump in Frameworks */,
				1AD7A8E52A4767A1003B6A1E /* PotentCodables in Frameworks */,
			);
			runOnlyForDeploymentPostprocessing = 0;
		};
		1A0DDC422A464DEB001ECADD /* Frameworks */ = {
			isa = PBXFrameworksBuildPhase;
			buildActionMask = 2147483647;
			files = (
				1AADE1F42B586801000205BB /* PotentCodables in Frameworks */,
				1A66478A2AF987A60041C134 /* Automerge in Frameworks */,
				1A6647882AF987A00041C134 /* Base58Swift in Frameworks */,
			);
			runOnlyForDeploymentPostprocessing = 0;
		};
		1A0DDC4C2A464DEB001ECADD /* Frameworks */ = {
			isa = PBXFrameworksBuildPhase;
			buildActionMask = 2147483647;
			files = (
			);
			runOnlyForDeploymentPostprocessing = 0;
		};
/* End PBXFrameworksBuildPhase section */

/* Begin PBXGroup section */
		1A0DDC282A464DEA001ECADD = {
			isa = PBXGroup;
			children = (
				1AF5DB3A2A4A0C38008DAC6F /* README.md */,
				1AF5DB3B2A4A0C5E008DAC6F /* CONTRIBUTING.md */,
				1AA529342B6D973C0084F855 /* notes */,
				1A0DDC622A464E2D001ECADD /* MeetingNotes.xctestplan */,
				1A0DDC332A464DEA001ECADD /* MeetingNotes */,
				1A0DDC482A464DEB001ECADD /* MeetingNotesTests */,
				1A0DDC522A464DEB001ECADD /* MeetingNotesUITests */,
				1A0DDC322A464DEA001ECADD /* Products */,
				1A6647862AF987A00041C134 /* Frameworks */,
			);
			sourceTree = "<group>";
		};
		1A0DDC322A464DEA001ECADD /* Products */ = {
			isa = PBXGroup;
			children = (
				1A0DDC312A464DEA001ECADD /* MeetingNotes.app */,
				1A0DDC452A464DEB001ECADD /* MeetingNotesTests.xctest */,
				1A0DDC4F2A464DEB001ECADD /* MeetingNotesUITests.xctest */,
			);
			name = Products;
			sourceTree = "<group>";
		};
		1A0DDC332A464DEA001ECADD /* MeetingNotes */ = {
			isa = PBXGroup;
			children = (
				1A0DDC342A464DEA001ECADD /* MeetingNotesApp.swift */,
				1AB369012A50D82C00F855F8 /* Views */,
				1A74051D2B6C3BE100E88B18 /* Sync */,
				1AE3D77A2A68646A00CEA52E /* OSLog+extensions.swift */,
				1A30C4DA2B155ECF007CE4F0 /* Data+hexEncodedString.swift */,
				1A6CB2642B71CABF00CA23E9 /* String+hexEncoding.swift */,
				1A30C4DC2B155F07007CE4F0 /* UUID+bs58String.swift */,
				1A2521432B1567F20096951D /* DocumentId.swift */,
				1A0DDC362A464DEA001ECADD /* MeetingNotesDocument.swift */,
				1AD5DA342A4650520085DF79 /* MeetingNotesModel.swift */,
				1A0916FF2A4A171C00D80BF7 /* Documentation.docc */,
				1A0DDC3A2A464DEB001ECADD /* Assets.xcassets */,
				1A0DDC3E2A464DEB001ECADD /* Preview Content */,
				1A0DDC3C2A464DEB001ECADD /* Info.plist */,
				1A0DDC3D2A464DEB001ECADD /* MeetingNotes.entitlements */,
				1A27AB422B768C0300A29BC3 /* Automerge-swift-privacy-manifest.bundle */,
			);
			path = MeetingNotes;
			sourceTree = "<group>";
		};
		1A0DDC3E2A464DEB001ECADD /* Preview Content */ = {
			isa = PBXGroup;
			children = (
				1A0DDC3F2A464DEB001ECADD /* Preview Assets.xcassets */,
			);
			path = "Preview Content";
			sourceTree = "<group>";
		};
		1A0DDC482A464DEB001ECADD /* MeetingNotesTests */ = {
			isa = PBXGroup;
			children = (
				1A0DDC492A464DEB001ECADD /* MeetingNotesTests.swift */,
				1AF9017E2B66E47A0077567D /* CBORExperiments.swift */,
				1ADE51662B7A90AA00EA44F0 /* WebSocketSyncIntegrationTests.swift */,
				1A11B8912B7AC37100CB4CA9 /* URLSessionWebSocketTask+sendPing.swift */,
			);
			path = MeetingNotesTests;
			sourceTree = "<group>";
		};
		1A0DDC522A464DEB001ECADD /* MeetingNotesUITests */ = {
			isa = PBXGroup;
			children = (
				1A0DDC532A464DEB001ECADD /* MeetingNotesUITests.swift */,
				1A0DDC552A464DEB001ECADD /* MeetingNotesUITestsLaunchTests.swift */,
			);
			path = MeetingNotesUITests;
			sourceTree = "<group>";
		};
		1A6647862AF987A00041C134 /* Frameworks */ = {
			isa = PBXGroup;
			children = (
			);
			name = Frameworks;
			sourceTree = "<group>";
		};
		1A74051D2B6C3BE100E88B18 /* Sync */ = {
			isa = PBXGroup;
			children = (
				1A8217AC2A6877730071DD38 /* DocumentSyncCoordinator.swift */,
				1AD7A8F02A476807003B6A1E /* PeerNetworking */,
				1A9272E42B61A800000CB9E5 /* WebSocketNetworking */,
			);
			path = Sync;
			sourceTree = "<group>";
		};
		1A9272E42B61A800000CB9E5 /* WebSocketNetworking */ = {
			isa = PBXGroup;
			children = (
				1A9272E22B61A529000CB9E5 /* WebsocketSyncConnection.swift */,
				1A9272E52B61AC2C000CB9E5 /* WebSocketMessages.swift */,
				1ACF1CE02B6DCAFC00DC5198 /* Task+timeout.swift */,
			);
			path = WebSocketNetworking;
			sourceTree = "<group>";
		};
		1AB369012A50D82C00F855F8 /* Views */ = {
			isa = PBXGroup;
			children = (
				1AD71E8D2A57622B00B965BF /* MeetingNotesDocumentView.swift */,
				1A2A02A42A50E74A0044064B /* EditableAgendaItemView.swift */,
				1A7700C42A67343800869A4D /* PeerSyncView.swift */,
				1A7700C62A67479F00869A4D /* NWBrowserResultItemView.swift */,
				1A2AD0302A7437E200EF0C5F /* SyncConnectionView.swift */,
				1AD71E902A57630B00B965BF /* MergeView.swift */,
				1AD71E922A5765A800B965BF /* SyncStatusView.swift */,
				1A6FF21C2B64710700C99F81 /* WebSocketStatusView.swift */,
			);
			path = Views;
			sourceTree = "<group>";
		};
		1AD7A8F02A476807003B6A1E /* PeerNetworking */ = {
			isa = PBXGroup;
			children = (
				1AD7A8E62A476801003B6A1E /* NWParameters+peerSyncParameters.swift */,
				1A4A610B2A6F05BE00E097F1 /* TimeInterval+milliseconds.swift */,
				1AD7A8E82A476801003B6A1E /* P2PAutomergeSyncProtocol.swift */,
				1AD7A8EA2A476801003B6A1E /* SyncConnection.swift */,
			);
			path = PeerNetworking;
			sourceTree = "<group>";
		};
/* End PBXGroup section */

/* Begin PBXNativeTarget section */
		1A0DDC302A464DEA001ECADD /* MeetingNotes */ = {
			isa = PBXNativeTarget;
			buildConfigurationList = 1A0DDC592A464DEB001ECADD /* Build configuration list for PBXNativeTarget "MeetingNotes" */;
			buildPhases = (
				1A0DDC2D2A464DEA001ECADD /* Sources */,
				1A0DDC2E2A464DEA001ECADD /* Frameworks */,
				1A0DDC2F2A464DEA001ECADD /* Resources */,
			);
			buildRules = (
			);
			dependencies = (
			);
			name = MeetingNotes;
			packageProductDependencies = (
				1AD5DA322A464FBD0085DF79 /* Automerge */,
				1AD7A8E42A4767A1003B6A1E /* PotentCodables */,
				1A54E5E52A698EA100CE1BEF /* CustomDump */,
				1A6647842AF986990041C134 /* Base58Swift */,
			);
			productName = MeetingNotes;
			productReference = 1A0DDC312A464DEA001ECADD /* MeetingNotes.app */;
			productType = "com.apple.product-type.application";
		};
		1A0DDC442A464DEB001ECADD /* MeetingNotesTests */ = {
			isa = PBXNativeTarget;
			buildConfigurationList = 1A0DDC5C2A464DEB001ECADD /* Build configuration list for PBXNativeTarget "MeetingNotesTests" */;
			buildPhases = (
				1A0DDC412A464DEB001ECADD /* Sources */,
				1A0DDC422A464DEB001ECADD /* Frameworks */,
				1A0DDC432A464DEB001ECADD /* Resources */,
			);
			buildRules = (
			);
			dependencies = (
				1A0DDC472A464DEB001ECADD /* PBXTargetDependency */,
			);
			name = MeetingNotesTests;
			packageProductDependencies = (
				1A6647872AF987A00041C134 /* Base58Swift */,
				1A6647892AF987A60041C134 /* Automerge */,
				1AADE1F32B586801000205BB /* PotentCodables */,
			);
			productName = MeetingNotesTests;
			productReference = 1A0DDC452A464DEB001ECADD /* MeetingNotesTests.xctest */;
			productType = "com.apple.product-type.bundle.unit-test";
		};
		1A0DDC4E2A464DEB001ECADD /* MeetingNotesUITests */ = {
			isa = PBXNativeTarget;
			buildConfigurationList = 1A0DDC5F2A464DEB001ECADD /* Build configuration list for PBXNativeTarget "MeetingNotesUITests" */;
			buildPhases = (
				1A0DDC4B2A464DEB001ECADD /* Sources */,
				1A0DDC4C2A464DEB001ECADD /* Frameworks */,
				1A0DDC4D2A464DEB001ECADD /* Resources */,
			);
			buildRules = (
			);
			dependencies = (
				1A0DDC512A464DEB001ECADD /* PBXTargetDependency */,
			);
			name = MeetingNotesUITests;
			productName = MeetingNotesUITests;
			productReference = 1A0DDC4F2A464DEB001ECADD /* MeetingNotesUITests.xctest */;
			productType = "com.apple.product-type.bundle.ui-testing";
		};
/* End PBXNativeTarget section */

/* Begin PBXProject section */
		1A0DDC292A464DEA001ECADD /* Project object */ = {
			isa = PBXProject;
			attributes = {
				BuildIndependentTargetsInParallel = 1;
				LastSwiftUpdateCheck = 1430;
				LastUpgradeCheck = 1510;
				TargetAttributes = {
					1A0DDC302A464DEA001ECADD = {
						CreatedOnToolsVersion = 14.3.1;
					};
					1A0DDC442A464DEB001ECADD = {
						CreatedOnToolsVersion = 14.3.1;
						TestTargetID = 1A0DDC302A464DEA001ECADD;
					};
					1A0DDC4E2A464DEB001ECADD = {
						CreatedOnToolsVersion = 14.3.1;
						TestTargetID = 1A0DDC302A464DEA001ECADD;
					};
				};
			};
			buildConfigurationList = 1A0DDC2C2A464DEA001ECADD /* Build configuration list for PBXProject "MeetingNotes" */;
			compatibilityVersion = "Xcode 14.0";
			developmentRegion = en;
			hasScannedForEncodings = 0;
			knownRegions = (
				en,
				Base,
			);
			mainGroup = 1A0DDC282A464DEA001ECADD;
			packageReferences = (
				1AD5DA312A464FBD0085DF79 /* XCRemoteSwiftPackageReference "automerge-swift" */,
				1AD7A8E32A4767A1003B6A1E /* XCRemoteSwiftPackageReference "PotentCodables" */,
				1A54E5E42A698EA100CE1BEF /* XCRemoteSwiftPackageReference "swift-custom-dump" */,
				1A6647832AF986990041C134 /* XCRemoteSwiftPackageReference "Base58Swift" */,
			);
			productRefGroup = 1A0DDC322A464DEA001ECADD /* Products */;
			projectDirPath = "";
			projectRoot = "";
			targets = (
				1A0DDC302A464DEA001ECADD /* MeetingNotes */,
				1A0DDC442A464DEB001ECADD /* MeetingNotesTests */,
				1A0DDC4E2A464DEB001ECADD /* MeetingNotesUITests */,
			);
		};
/* End PBXProject section */

/* Begin PBXResourcesBuildPhase section */
		1A0DDC2F2A464DEA001ECADD /* Resources */ = {
			isa = PBXResourcesBuildPhase;
			buildActionMask = 2147483647;
			files = (
				1A0DDC402A464DEB001ECADD /* Preview Assets.xcassets in Resources */,
				1A0DDC3B2A464DEB001ECADD /* Assets.xcassets in Resources */,
				1A27AB432B768C0300A29BC3 /* Automerge-swift-privacy-manifest.bundle in Resources */,
			);
			runOnlyForDeploymentPostprocessing = 0;
		};
		1A0DDC432A464DEB001ECADD /* Resources */ = {
			isa = PBXResourcesBuildPhase;
			buildActionMask = 2147483647;
			files = (
			);
			runOnlyForDeploymentPostprocessing = 0;
		};
		1A0DDC4D2A464DEB001ECADD /* Resources */ = {
			isa = PBXResourcesBuildPhase;
			buildActionMask = 2147483647;
			files = (
			);
			runOnlyForDeploymentPostprocessing = 0;
		};
/* End PBXResourcesBuildPhase section */

/* Begin PBXSourcesBuildPhase section */
		1A0DDC2D2A464DEA001ECADD /* Sources */ = {
			isa = PBXSourcesBuildPhase;
			buildActionMask = 2147483647;
			files = (
				1AE3D77B2A68646A00CEA52E /* OSLog+extensions.swift in Sources */,
				1A9272E62B61AC2C000CB9E5 /* WebSocketMessages.swift in Sources */,
				1A0DDC372A464DEA001ECADD /* MeetingNotesDocument.swift in Sources */,
				1AD5DA352A4650520085DF79 /* MeetingNotesModel.swift in Sources */,
				1A2AD0312A7437E200EF0C5F /* SyncConnectionView.swift in Sources */,
				1A2A02A52A50E74B0044064B /* EditableAgendaItemView.swift in Sources */,
				1AD7A8ED2A476801003B6A1E /* P2PAutomergeSyncProtocol.swift in Sources */,
				1A0917002A4A171C00D80BF7 /* Documentation.docc in Sources */,
				1A30C4DD2B155F07007CE4F0 /* UUID+bs58String.swift in Sources */,
				1A30C4DB2B155ECF007CE4F0 /* Data+hexEncodedString.swift in Sources */,
				1AD71E912A57630B00B965BF /* MergeView.swift in Sources */,
				1A6FF21D2B64710700C99F81 /* WebSocketStatusView.swift in Sources */,
				1A0DDC352A464DEA001ECADD /* MeetingNotesApp.swift in Sources */,
				1AD71E8E2A57622B00B965BF /* MeetingNotesDocumentView.swift in Sources */,
				1A8217AD2A6877730071DD38 /* DocumentSyncCoordinator.swift in Sources */,
				1A9272E32B61A529000CB9E5 /* WebsocketSyncConnection.swift in Sources */,
				1A7700C72A67479F00869A4D /* NWBrowserResultItemView.swift in Sources */,
				1AD71E932A5765A800B965BF /* SyncStatusView.swift in Sources */,
				1A6CB2652B71CABF00CA23E9 /* String+hexEncoding.swift in Sources */,
				1ACF1CE12B6DCAFC00DC5198 /* Task+timeout.swift in Sources */,
				1AD7A8EF2A476801003B6A1E /* SyncConnection.swift in Sources */,
				1A7700C52A67343800869A4D /* PeerSyncView.swift in Sources */,
				1AD7A8EB2A476801003B6A1E /* NWParameters+peerSyncParameters.swift in Sources */,
				1A4A610C2A6F05BE00E097F1 /* TimeInterval+milliseconds.swift in Sources */,
				1A2521442B1567F20096951D /* DocumentId.swift in Sources */,
			);
			runOnlyForDeploymentPostprocessing = 0;
		};
		1A0DDC412A464DEB001ECADD /* Sources */ = {
			isa = PBXSourcesBuildPhase;
			buildActionMask = 2147483647;
			files = (
				1A0DDC4A2A464DEB001ECADD /* MeetingNotesTests.swift in Sources */,
				1ADE51672B7A90AA00EA44F0 /* WebSocketSyncIntegrationTests.swift in Sources */,
				1ADE516C2B7A953500EA44F0 /* OSLog+extensions.swift in Sources */,
				1AADE1F52B586875000205BB /* Data+hexEncodedString.swift in Sources */,
				1AADE1F62B586878000205BB /* UUID+bs58String.swift in Sources */,
				1AADE1F72B58687E000205BB /* DocumentId.swift in Sources */,
				1AF9017F2B66E47A0077567D /* CBORExperiments.swift in Sources */,
				1A11B8922B7AC37100CB4CA9 /* URLSessionWebSocketTask+sendPing.swift in Sources */,
				1ADE51682B7A94B100EA44F0 /* String+hexEncoding.swift in Sources */,
				1ADE51692B7A94BC00EA44F0 /* Task+timeout.swift in Sources */,
				1ADE516A2B7A94BC00EA44F0 /* WebSocketMessages.swift in Sources */,
				1ADE516B2B7A94BC00EA44F0 /* WebsocketSyncConnection.swift in Sources */,
			);
			runOnlyForDeploymentPostprocessing = 0;
		};
		1A0DDC4B2A464DEB001ECADD /* Sources */ = {
			isa = PBXSourcesBuildPhase;
			buildActionMask = 2147483647;
			files = (
				1A0DDC562A464DEB001ECADD /* MeetingNotesUITestsLaunchTests.swift in Sources */,
				1A0DDC542A464DEB001ECADD /* MeetingNotesUITests.swift in Sources */,
			);
			runOnlyForDeploymentPostprocessing = 0;
		};
/* End PBXSourcesBuildPhase section */

/* Begin PBXTargetDependency section */
		1A0DDC472A464DEB001ECADD /* PBXTargetDependency */ = {
			isa = PBXTargetDependency;
			target = 1A0DDC302A464DEA001ECADD /* MeetingNotes */;
			targetProxy = 1A0DDC462A464DEB001ECADD /* PBXContainerItemProxy */;
		};
		1A0DDC512A464DEB001ECADD /* PBXTargetDependency */ = {
			isa = PBXTargetDependency;
			target = 1A0DDC302A464DEA001ECADD /* MeetingNotes */;
			targetProxy = 1A0DDC502A464DEB001ECADD /* PBXContainerItemProxy */;
		};
/* End PBXTargetDependency section */

/* Begin XCBuildConfiguration section */
		1A0DDC572A464DEB001ECADD /* Debug */ = {
			isa = XCBuildConfiguration;
			buildSettings = {
				ALWAYS_SEARCH_USER_PATHS = NO;
				ASSETCATALOG_COMPILER_GENERATE_SWIFT_ASSET_SYMBOL_EXTENSIONS = YES;
				CLANG_ANALYZER_NONNULL = YES;
				CLANG_ANALYZER_NUMBER_OBJECT_CONVERSION = YES_AGGRESSIVE;
				CLANG_CXX_LANGUAGE_STANDARD = "gnu++20";
				CLANG_ENABLE_MODULES = YES;
				CLANG_ENABLE_OBJC_ARC = YES;
				CLANG_ENABLE_OBJC_WEAK = YES;
				CLANG_WARN_BLOCK_CAPTURE_AUTORELEASING = YES;
				CLANG_WARN_BOOL_CONVERSION = YES;
				CLANG_WARN_COMMA = YES;
				CLANG_WARN_CONSTANT_CONVERSION = YES;
				CLANG_WARN_DEPRECATED_OBJC_IMPLEMENTATIONS = YES;
				CLANG_WARN_DIRECT_OBJC_ISA_USAGE = YES_ERROR;
				CLANG_WARN_DOCUMENTATION_COMMENTS = YES;
				CLANG_WARN_EMPTY_BODY = YES;
				CLANG_WARN_ENUM_CONVERSION = YES;
				CLANG_WARN_INFINITE_RECURSION = YES;
				CLANG_WARN_INT_CONVERSION = YES;
				CLANG_WARN_NON_LITERAL_NULL_CONVERSION = YES;
				CLANG_WARN_OBJC_IMPLICIT_RETAIN_SELF = YES;
				CLANG_WARN_OBJC_LITERAL_CONVERSION = YES;
				CLANG_WARN_OBJC_ROOT_CLASS = YES_ERROR;
				CLANG_WARN_QUOTED_INCLUDE_IN_FRAMEWORK_HEADER = YES;
				CLANG_WARN_RANGE_LOOP_ANALYSIS = YES;
				CLANG_WARN_STRICT_PROTOTYPES = YES;
				CLANG_WARN_SUSPICIOUS_MOVE = YES;
				CLANG_WARN_UNGUARDED_AVAILABILITY = YES_AGGRESSIVE;
				CLANG_WARN_UNREACHABLE_CODE = YES;
				CLANG_WARN__DUPLICATE_METHOD_MATCH = YES;
				COPY_PHASE_STRIP = NO;
				DEAD_CODE_STRIPPING = YES;
				DEBUG_INFORMATION_FORMAT = dwarf;
				ENABLE_STRICT_OBJC_MSGSEND = YES;
				ENABLE_TESTABILITY = YES;
				ENABLE_USER_SCRIPT_SANDBOXING = YES;
				GCC_C_LANGUAGE_STANDARD = gnu11;
				GCC_DYNAMIC_NO_PIC = NO;
				GCC_NO_COMMON_BLOCKS = YES;
				GCC_OPTIMIZATION_LEVEL = 0;
				GCC_PREPROCESSOR_DEFINITIONS = (
					"DEBUG=1",
					"$(inherited)",
				);
				GCC_WARN_64_TO_32_BIT_CONVERSION = YES;
				GCC_WARN_ABOUT_RETURN_TYPE = YES_ERROR;
				GCC_WARN_UNDECLARED_SELECTOR = YES;
				GCC_WARN_UNINITIALIZED_AUTOS = YES_AGGRESSIVE;
				GCC_WARN_UNUSED_FUNCTION = YES;
				GCC_WARN_UNUSED_VARIABLE = YES;
				IPHONEOS_DEPLOYMENT_TARGET = 14.7;
				MACOSX_DEPLOYMENT_TARGET = 11.5;
				MTL_ENABLE_DEBUG_INFO = INCLUDE_SOURCE;
				MTL_FAST_MATH = YES;
				ONLY_ACTIVE_ARCH = YES;
				SWIFT_ACTIVE_COMPILATION_CONDITIONS = DEBUG;
				SWIFT_OPTIMIZATION_LEVEL = "-Onone";
			};
			name = Debug;
		};
		1A0DDC582A464DEB001ECADD /* Release */ = {
			isa = XCBuildConfiguration;
			buildSettings = {
				ALWAYS_SEARCH_USER_PATHS = NO;
				ASSETCATALOG_COMPILER_GENERATE_SWIFT_ASSET_SYMBOL_EXTENSIONS = YES;
				CLANG_ANALYZER_NONNULL = YES;
				CLANG_ANALYZER_NUMBER_OBJECT_CONVERSION = YES_AGGRESSIVE;
				CLANG_CXX_LANGUAGE_STANDARD = "gnu++20";
				CLANG_ENABLE_MODULES = YES;
				CLANG_ENABLE_OBJC_ARC = YES;
				CLANG_ENABLE_OBJC_WEAK = YES;
				CLANG_WARN_BLOCK_CAPTURE_AUTORELEASING = YES;
				CLANG_WARN_BOOL_CONVERSION = YES;
				CLANG_WARN_COMMA = YES;
				CLANG_WARN_CONSTANT_CONVERSION = YES;
				CLANG_WARN_DEPRECATED_OBJC_IMPLEMENTATIONS = YES;
				CLANG_WARN_DIRECT_OBJC_ISA_USAGE = YES_ERROR;
				CLANG_WARN_DOCUMENTATION_COMMENTS = YES;
				CLANG_WARN_EMPTY_BODY = YES;
				CLANG_WARN_ENUM_CONVERSION = YES;
				CLANG_WARN_INFINITE_RECURSION = YES;
				CLANG_WARN_INT_CONVERSION = YES;
				CLANG_WARN_NON_LITERAL_NULL_CONVERSION = YES;
				CLANG_WARN_OBJC_IMPLICIT_RETAIN_SELF = YES;
				CLANG_WARN_OBJC_LITERAL_CONVERSION = YES;
				CLANG_WARN_OBJC_ROOT_CLASS = YES_ERROR;
				CLANG_WARN_QUOTED_INCLUDE_IN_FRAMEWORK_HEADER = YES;
				CLANG_WARN_RANGE_LOOP_ANALYSIS = YES;
				CLANG_WARN_STRICT_PROTOTYPES = YES;
				CLANG_WARN_SUSPICIOUS_MOVE = YES;
				CLANG_WARN_UNGUARDED_AVAILABILITY = YES_AGGRESSIVE;
				CLANG_WARN_UNREACHABLE_CODE = YES;
				CLANG_WARN__DUPLICATE_METHOD_MATCH = YES;
				COPY_PHASE_STRIP = NO;
				DEAD_CODE_STRIPPING = YES;
				DEBUG_INFORMATION_FORMAT = "dwarf-with-dsym";
				ENABLE_NS_ASSERTIONS = NO;
				ENABLE_STRICT_OBJC_MSGSEND = YES;
				ENABLE_USER_SCRIPT_SANDBOXING = YES;
				GCC_C_LANGUAGE_STANDARD = gnu11;
				GCC_NO_COMMON_BLOCKS = YES;
				GCC_WARN_64_TO_32_BIT_CONVERSION = YES;
				GCC_WARN_ABOUT_RETURN_TYPE = YES_ERROR;
				GCC_WARN_UNDECLARED_SELECTOR = YES;
				GCC_WARN_UNINITIALIZED_AUTOS = YES_AGGRESSIVE;
				GCC_WARN_UNUSED_FUNCTION = YES;
				GCC_WARN_UNUSED_VARIABLE = YES;
				IPHONEOS_DEPLOYMENT_TARGET = 14.7;
				MACOSX_DEPLOYMENT_TARGET = 11.5;
				MTL_ENABLE_DEBUG_INFO = NO;
				MTL_FAST_MATH = YES;
				SWIFT_COMPILATION_MODE = wholemodule;
				SWIFT_OPTIMIZATION_LEVEL = "-O";
			};
			name = Release;
		};
		1A0DDC5A2A464DEB001ECADD /* Debug */ = {
			isa = XCBuildConfiguration;
			buildSettings = {
				ASSETCATALOG_COMPILER_APPICON_NAME = AppIcon;
				ASSETCATALOG_COMPILER_GLOBAL_ACCENT_COLOR_NAME = AccentColor;
				CODE_SIGN_ENTITLEMENTS = MeetingNotes/MeetingNotes.entitlements;
				"CODE_SIGN_IDENTITY[sdk=macosx*]" = "-";
				CODE_SIGN_STYLE = Automatic;
				CURRENT_PROJECT_VERSION = 1;
				DEAD_CODE_STRIPPING = YES;
				DEVELOPMENT_ASSET_PATHS = "\"MeetingNotes/Preview Content\"";
				DEVELOPMENT_TEAM = BDV4VC27D3;
				ENABLE_HARDENED_RUNTIME = YES;
				ENABLE_PREVIEWS = YES;
				GENERATE_INFOPLIST_FILE = YES;
				INFOPLIST_FILE = MeetingNotes/Info.plist;
				INFOPLIST_KEY_CFBundleDisplayName = MeetingNotes;
				INFOPLIST_KEY_LSSupportsOpeningDocumentsInPlace = YES;
				INFOPLIST_KEY_NSLocalNetworkUsageDescription = "MeetingNotes uses the local network to enable peer to peer synchronisation of notes.";
				"INFOPLIST_KEY_UIApplicationSceneManifest_Generation[sdk=iphoneos*]" = YES;
				"INFOPLIST_KEY_UIApplicationSceneManifest_Generation[sdk=iphonesimulator*]" = YES;
				"INFOPLIST_KEY_UIApplicationSupportsIndirectInputEvents[sdk=iphoneos*]" = YES;
				"INFOPLIST_KEY_UIApplicationSupportsIndirectInputEvents[sdk=iphonesimulator*]" = YES;
				"INFOPLIST_KEY_UILaunchScreen_Generation[sdk=iphoneos*]" = YES;
				"INFOPLIST_KEY_UILaunchScreen_Generation[sdk=iphonesimulator*]" = YES;
				"INFOPLIST_KEY_UIStatusBarStyle[sdk=iphoneos*]" = UIStatusBarStyleDefault;
				"INFOPLIST_KEY_UIStatusBarStyle[sdk=iphonesimulator*]" = UIStatusBarStyleDefault;
				INFOPLIST_KEY_UISupportedInterfaceOrientations_iPad = "UIInterfaceOrientationPortrait UIInterfaceOrientationPortraitUpsideDown UIInterfaceOrientationLandscapeLeft UIInterfaceOrientationLandscapeRight";
				INFOPLIST_KEY_UISupportedInterfaceOrientations_iPhone = "UIInterfaceOrientationPortrait UIInterfaceOrientationLandscapeLeft UIInterfaceOrientationLandscapeRight";
				INFOPLIST_KEY_UISupportsDocumentBrowser = YES;
				"INFOPLIST_KEY_UISupportsDocumentBrowser[sdk=iphoneos*]" = YES;
				"INFOPLIST_KEY_UISupportsDocumentBrowser[sdk=iphonesimulator*]" = YES;
				IPHONEOS_DEPLOYMENT_TARGET = 16.4;
				LD_RUNPATH_SEARCH_PATHS = "@executable_path/Frameworks";
				"LD_RUNPATH_SEARCH_PATHS[sdk=macosx*]" = "@executable_path/../Frameworks";
				MACOSX_DEPLOYMENT_TARGET = 13.3;
				MARKETING_VERSION = 1.0;
				PRODUCT_BUNDLE_IDENTIFIER = com.github.automerge.MeetingNotes;
				PRODUCT_NAME = "$(TARGET_NAME)";
				SDKROOT = auto;
				SUPPORTED_PLATFORMS = "iphoneos iphonesimulator macosx";
				SWIFT_EMIT_LOC_STRINGS = YES;
				SWIFT_VERSION = 5.0;
				TARGETED_DEVICE_FAMILY = "1,2";
			};
			name = Debug;
		};
		1A0DDC5B2A464DEB001ECADD /* Release */ = {
			isa = XCBuildConfiguration;
			buildSettings = {
				ASSETCATALOG_COMPILER_APPICON_NAME = AppIcon;
				ASSETCATALOG_COMPILER_GLOBAL_ACCENT_COLOR_NAME = AccentColor;
				CODE_SIGN_ENTITLEMENTS = MeetingNotes/MeetingNotes.entitlements;
				"CODE_SIGN_IDENTITY[sdk=macosx*]" = "-";
				CODE_SIGN_STYLE = Automatic;
				CURRENT_PROJECT_VERSION = 1;
				DEAD_CODE_STRIPPING = YES;
				DEVELOPMENT_ASSET_PATHS = "\"MeetingNotes/Preview Content\"";
				DEVELOPMENT_TEAM = BDV4VC27D3;
				ENABLE_HARDENED_RUNTIME = YES;
				ENABLE_PREVIEWS = YES;
				GENERATE_INFOPLIST_FILE = YES;
				INFOPLIST_FILE = MeetingNotes/Info.plist;
				INFOPLIST_KEY_CFBundleDisplayName = MeetingNotes;
				INFOPLIST_KEY_LSSupportsOpeningDocumentsInPlace = YES;
				INFOPLIST_KEY_NSLocalNetworkUsageDescription = "MeetingNotes uses the local network to enable peer to peer synchronisation of notes.";
				"INFOPLIST_KEY_UIApplicationSceneManifest_Generation[sdk=iphoneos*]" = YES;
				"INFOPLIST_KEY_UIApplicationSceneManifest_Generation[sdk=iphonesimulator*]" = YES;
				"INFOPLIST_KEY_UIApplicationSupportsIndirectInputEvents[sdk=iphoneos*]" = YES;
				"INFOPLIST_KEY_UIApplicationSupportsIndirectInputEvents[sdk=iphonesimulator*]" = YES;
				"INFOPLIST_KEY_UILaunchScreen_Generation[sdk=iphoneos*]" = YES;
				"INFOPLIST_KEY_UILaunchScreen_Generation[sdk=iphonesimulator*]" = YES;
				"INFOPLIST_KEY_UIStatusBarStyle[sdk=iphoneos*]" = UIStatusBarStyleDefault;
				"INFOPLIST_KEY_UIStatusBarStyle[sdk=iphonesimulator*]" = UIStatusBarStyleDefault;
				INFOPLIST_KEY_UISupportedInterfaceOrientations_iPad = "UIInterfaceOrientationPortrait UIInterfaceOrientationPortraitUpsideDown UIInterfaceOrientationLandscapeLeft UIInterfaceOrientationLandscapeRight";
				INFOPLIST_KEY_UISupportedInterfaceOrientations_iPhone = "UIInterfaceOrientationPortrait UIInterfaceOrientationLandscapeLeft UIInterfaceOrientationLandscapeRight";
				INFOPLIST_KEY_UISupportsDocumentBrowser = YES;
				"INFOPLIST_KEY_UISupportsDocumentBrowser[sdk=iphoneos*]" = YES;
				"INFOPLIST_KEY_UISupportsDocumentBrowser[sdk=iphonesimulator*]" = YES;
				IPHONEOS_DEPLOYMENT_TARGET = 16.4;
				LD_RUNPATH_SEARCH_PATHS = "@executable_path/Frameworks";
				"LD_RUNPATH_SEARCH_PATHS[sdk=macosx*]" = "@executable_path/../Frameworks";
				MACOSX_DEPLOYMENT_TARGET = 13.3;
				MARKETING_VERSION = 1.0;
				PRODUCT_BUNDLE_IDENTIFIER = com.github.automerge.MeetingNotes;
				PRODUCT_NAME = "$(TARGET_NAME)";
				SDKROOT = auto;
				SUPPORTED_PLATFORMS = "iphoneos iphonesimulator macosx";
				SWIFT_EMIT_LOC_STRINGS = YES;
				SWIFT_VERSION = 5.0;
				TARGETED_DEVICE_FAMILY = "1,2";
			};
			name = Release;
		};
		1A0DDC5D2A464DEB001ECADD /* Debug */ = {
			isa = XCBuildConfiguration;
			buildSettings = {
				ALWAYS_EMBED_SWIFT_STANDARD_LIBRARIES = YES;
				BUNDLE_LOADER = "$(TEST_HOST)";
				"CODE_SIGN_IDENTITY[sdk=macosx*]" = "-";
				CODE_SIGN_STYLE = Automatic;
				CURRENT_PROJECT_VERSION = 1;
				DEAD_CODE_STRIPPING = YES;
				DEVELOPMENT_TEAM = BDV4VC27D3;
				GENERATE_INFOPLIST_FILE = YES;
				IPHONEOS_DEPLOYMENT_TARGET = 16.4;
				MACOSX_DEPLOYMENT_TARGET = 13.3;
				MARKETING_VERSION = 1.0;
				PRODUCT_BUNDLE_IDENTIFIER = com.automerge.MeetingNotesTests;
				PRODUCT_NAME = "$(TARGET_NAME)";
				SDKROOT = auto;
				SUPPORTED_PLATFORMS = "iphoneos iphonesimulator macosx";
				SWIFT_EMIT_LOC_STRINGS = NO;
				SWIFT_VERSION = 5.0;
				TARGETED_DEVICE_FAMILY = "1,2";
			};
			name = Debug;
		};
		1A0DDC5E2A464DEB001ECADD /* Release */ = {
			isa = XCBuildConfiguration;
			buildSettings = {
				ALWAYS_EMBED_SWIFT_STANDARD_LIBRARIES = YES;
				BUNDLE_LOADER = "$(TEST_HOST)";
				"CODE_SIGN_IDENTITY[sdk=macosx*]" = "-";
				CODE_SIGN_STYLE = Automatic;
				CURRENT_PROJECT_VERSION = 1;
				DEAD_CODE_STRIPPING = YES;
				DEVELOPMENT_TEAM = BDV4VC27D3;
				GENERATE_INFOPLIST_FILE = YES;
				IPHONEOS_DEPLOYMENT_TARGET = 16.4;
				MACOSX_DEPLOYMENT_TARGET = 13.3;
				MARKETING_VERSION = 1.0;
				PRODUCT_BUNDLE_IDENTIFIER = com.automerge.MeetingNotesTests;
				PRODUCT_NAME = "$(TARGET_NAME)";
				SDKROOT = auto;
				SUPPORTED_PLATFORMS = "iphoneos iphonesimulator macosx";
				SWIFT_EMIT_LOC_STRINGS = NO;
				SWIFT_VERSION = 5.0;
				TARGETED_DEVICE_FAMILY = "1,2";
			};
			name = Release;
		};
		1A0DDC602A464DEB001ECADD /* Debug */ = {
			isa = XCBuildConfiguration;
			buildSettings = {
				ALWAYS_EMBED_SWIFT_STANDARD_LIBRARIES = YES;
				"CODE_SIGN_IDENTITY[sdk=macosx*]" = "-";
				CODE_SIGN_STYLE = Automatic;
				CURRENT_PROJECT_VERSION = 1;
				DEAD_CODE_STRIPPING = YES;
				DEVELOPMENT_TEAM = BDV4VC27D3;
				GENERATE_INFOPLIST_FILE = YES;
				IPHONEOS_DEPLOYMENT_TARGET = 16.4;
				MACOSX_DEPLOYMENT_TARGET = 13.3;
				MARKETING_VERSION = 1.0;
				PRODUCT_BUNDLE_IDENTIFIER = com.automerge.MeetingNotesUITests;
				PRODUCT_NAME = "$(TARGET_NAME)";
				PROVISIONING_PROFILE = "";
				SDKROOT = auto;
				SUPPORTED_PLATFORMS = "iphoneos iphonesimulator macosx";
				SWIFT_EMIT_LOC_STRINGS = NO;
				SWIFT_VERSION = 5.0;
				TARGETED_DEVICE_FAMILY = "1,2";
				TEST_TARGET_NAME = MeetingNotes;
			};
			name = Debug;
		};
		1A0DDC612A464DEB001ECADD /* Release */ = {
			isa = XCBuildConfiguration;
			buildSettings = {
				ALWAYS_EMBED_SWIFT_STANDARD_LIBRARIES = YES;
				"CODE_SIGN_IDENTITY[sdk=macosx*]" = "-";
				CODE_SIGN_STYLE = Automatic;
				CURRENT_PROJECT_VERSION = 1;
				DEAD_CODE_STRIPPING = YES;
				DEVELOPMENT_TEAM = BDV4VC27D3;
				GENERATE_INFOPLIST_FILE = YES;
				IPHONEOS_DEPLOYMENT_TARGET = 16.4;
				MACOSX_DEPLOYMENT_TARGET = 13.3;
				MARKETING_VERSION = 1.0;
				PRODUCT_BUNDLE_IDENTIFIER = com.automerge.MeetingNotesUITests;
				PRODUCT_NAME = "$(TARGET_NAME)";
				PROVISIONING_PROFILE = "";
				SDKROOT = auto;
				SUPPORTED_PLATFORMS = "iphoneos iphonesimulator macosx";
				SWIFT_EMIT_LOC_STRINGS = NO;
				SWIFT_VERSION = 5.0;
				TARGETED_DEVICE_FAMILY = "1,2";
				TEST_TARGET_NAME = MeetingNotes;
			};
			name = Release;
		};
/* End XCBuildConfiguration section */

/* Begin XCConfigurationList section */
		1A0DDC2C2A464DEA001ECADD /* Build configuration list for PBXProject "MeetingNotes" */ = {
			isa = XCConfigurationList;
			buildConfigurations = (
				1A0DDC572A464DEB001ECADD /* Debug */,
				1A0DDC582A464DEB001ECADD /* Release */,
			);
			defaultConfigurationIsVisible = 0;
			defaultConfigurationName = Release;
		};
		1A0DDC592A464DEB001ECADD /* Build configuration list for PBXNativeTarget "MeetingNotes" */ = {
			isa = XCConfigurationList;
			buildConfigurations = (
				1A0DDC5A2A464DEB001ECADD /* Debug */,
				1A0DDC5B2A464DEB001ECADD /* Release */,
			);
			defaultConfigurationIsVisible = 0;
			defaultConfigurationName = Release;
		};
		1A0DDC5C2A464DEB001ECADD /* Build configuration list for PBXNativeTarget "MeetingNotesTests" */ = {
			isa = XCConfigurationList;
			buildConfigurations = (
				1A0DDC5D2A464DEB001ECADD /* Debug */,
				1A0DDC5E2A464DEB001ECADD /* Release */,
			);
			defaultConfigurationIsVisible = 0;
			defaultConfigurationName = Release;
		};
		1A0DDC5F2A464DEB001ECADD /* Build configuration list for PBXNativeTarget "MeetingNotesUITests" */ = {
			isa = XCConfigurationList;
			buildConfigurations = (
				1A0DDC602A464DEB001ECADD /* Debug */,
				1A0DDC612A464DEB001ECADD /* Release */,
			);
			defaultConfigurationIsVisible = 0;
			defaultConfigurationName = Release;
		};
/* End XCConfigurationList section */

/* Begin XCRemoteSwiftPackageReference section */
		1A54E5E42A698EA100CE1BEF /* XCRemoteSwiftPackageReference "swift-custom-dump" */ = {
			isa = XCRemoteSwiftPackageReference;
			repositoryURL = "https://github.com/pointfreeco/swift-custom-dump";
			requirement = {
				kind = upToNextMajorVersion;
				minimumVersion = 0.3.0;
			};
		};
		1A6647832AF986990041C134 /* XCRemoteSwiftPackageReference "Base58Swift" */ = {
			isa = XCRemoteSwiftPackageReference;
			repositoryURL = "https://github.com/keefertaylor/Base58Swift";
			requirement = {
				kind = upToNextMajorVersion;
				minimumVersion = 2.1.14;
			};
		};
		1AD5DA312A464FBD0085DF79 /* XCRemoteSwiftPackageReference "automerge-swift" */ = {
			isa = XCRemoteSwiftPackageReference;
			repositoryURL = "https://github.com/automerge/automerge-swift/";
			requirement = {
				kind = upToNextMajorVersion;
				minimumVersion = 0.5.2;
			};
		};
		1AD7A8E32A4767A1003B6A1E /* XCRemoteSwiftPackageReference "PotentCodables" */ = {
			isa = XCRemoteSwiftPackageReference;
			repositoryURL = "https://github.com/outfoxx/PotentCodables";
			requirement = {
				kind = upToNextMajorVersion;
				minimumVersion = 3.1.0;
			};
		};
/* End XCRemoteSwiftPackageReference section */

/* Begin XCSwiftPackageProductDependency section */
		1A54E5E52A698EA100CE1BEF /* CustomDump */ = {
			isa = XCSwiftPackageProductDependency;
			package = 1A54E5E42A698EA100CE1BEF /* XCRemoteSwiftPackageReference "swift-custom-dump" */;
			productName = CustomDump;
		};
		1A6647842AF986990041C134 /* Base58Swift */ = {
			isa = XCSwiftPackageProductDependency;
			package = 1A6647832AF986990041C134 /* XCRemoteSwiftPackageReference "Base58Swift" */;
			productName = Base58Swift;
		};
		1A6647872AF987A00041C134 /* Base58Swift */ = {
			isa = XCSwiftPackageProductDependency;
			package = 1A6647832AF986990041C134 /* XCRemoteSwiftPackageReference "Base58Swift" */;
			productName = Base58Swift;
		};
		1A6647892AF987A60041C134 /* Automerge */ = {
			isa = XCSwiftPackageProductDependency;
			package = 1AD5DA312A464FBD0085DF79 /* XCRemoteSwiftPackageReference "automerge-swift" */;
			productName = Automerge;
		};
		1AADE1F32B586801000205BB /* PotentCodables */ = {
			isa = XCSwiftPackageProductDependency;
			package = 1AD7A8E32A4767A1003B6A1E /* XCRemoteSwiftPackageReference "PotentCodables" */;
			productName = PotentCodables;
		};
		1AD5DA322A464FBD0085DF79 /* Automerge */ = {
			isa = XCSwiftPackageProductDependency;
			package = 1AD5DA312A464FBD0085DF79 /* XCRemoteSwiftPackageReference "automerge-swift" */;
			productName = Automerge;
		};
		1AD7A8E42A4767A1003B6A1E /* PotentCodables */ = {
			isa = XCSwiftPackageProductDependency;
			package = 1AD7A8E32A4767A1003B6A1E /* XCRemoteSwiftPackageReference "PotentCodables" */;
			productName = PotentCodables;
		};
/* End XCSwiftPackageProductDependency section */
	};
	rootObject = 1A0DDC292A464DEA001ECADD /* Project object */;
}
